<Solution>
  <Configurations>
    <Platform Name="Any CPU" />
    <Platform Name="x64" />
    <Platform Name="x86" />
  </Configurations>
  <Project Path="src/Nullforce.Testing.XunitTraitAttributes.Tests/Nullforce.Testing.XunitTraitAttributes.Tests.csproj" />
  <Project Path="src/Nullforce.Testing.XunitTraitAttributes/Nullforce.Testing.XunitTraitAttributes.csproj" />
</Solution>
